
Microsoft Visual Studio Solution File, Format Version 12.00
# Visual Studio Version 16
VisualStudioVersion = 16.0.30717.126
MinimumVisualStudioVersion = 10.0.40219.1
Project("{FAE04EC0-301F-11D3-BF4B-00C04F79EFBC}") = "Tugas Week 15", "Tugas Week 15\Tugas Week 15.csproj", "{8419EA20-7515-4BF5-8DE7-79D2F9EDD3C9}"
EndProject
Global
	GlobalSection(SolutionConfigurationPlatforms) = preSolution
		Debug|Any CPU = Debug|Any CPU
		Release|Any CPU = Release|Any CPU
	EndGlobalSection
	GlobalSection(ProjectConfigurationPlatforms) = postSolution
		{8419EA20-7515-4BF5-8DE7-79D2F9EDD3C9}.Debug|Any CPU.ActiveCfg = Debug|Any CPU
		{8419EA20-7515-4BF5-8DE7-79D2F9EDD3C9}.Debug|Any CPU.Build.0 = Debug|Any CPU
		{8419EA20-7515-4BF5-8DE7-79D2F9EDD3C9}.Release|Any CPU.ActiveCfg = Release|Any CPU
		{8419EA20-7515-4BF5-8DE7-79D2F9EDD3C9}.Release|Any CPU.Build.0 = Release|Any CPU
	EndGlobalSection
	GlobalSection(SolutionProperties) = preSolution
		HideSolutionNode = FALSE
	EndGlobalSection
	GlobalSection(ExtensibilityGlobals) = postSolution
		SolutionGuid = {FCACD481-E328-4119-A3A5-D88E2F113815}
	EndGlobalSection
EndGlobal
